// !$*UTF8*$!
{
	archiveVersion = 1;
	classes = {
	};
	objectVersion = 77;
	objects = {

/* Begin PBXBuildFile section */
		FA00000000000000000000A1 /* MTUSDK.xcframework in Frameworks */ = {isa = PBXBuildFile; fileRef = FA00000000000000000000F1 /* MTUSDK.xcframework */; };
		FA00000000000000000000A2 /* MTSCRA.xcframework in Frameworks */ = {isa = PBXBuildFile; fileRef = FA00000000000000000000F2 /* MTSCRA.xcframework */; };
		FA00000000000000000000A3 /* CocoaMQTT.xcframework in Frameworks */ = {isa = PBXBuildFile; fileRef = FA00000000000000000000F3 /* CocoaMQTT.xcframework */; };
		FA00000000000000000000B1 /* MTUSDK.xcframework in Embed Frameworks */ = {isa = PBXBuildFile; fileRef = FA00000000000000000000F1 /* MTUSDK.xcframework */; settings = {ATTRIBUTES = (CodeSignOnCopy, RemoveHeadersOnCopy, ); }; };
		FA00000000000000000000B2 /* MTSCRA.xcframework in Embed Frameworks */ = {isa = PBXBuildFile; fileRef = FA00000000000000000000F2 /* MTSCRA.xcframework */; settings = {ATTRIBUTES = (CodeSignOnCopy, RemoveHeadersOnCopy, ); }; };
		FA00000000000000000000B3 /* CocoaMQTT.xcframework in Embed Frameworks */ = {isa = PBXBuildFile; fileRef = FA00000000000000000000F3 /* CocoaMQTT.xcframework */; settings = {ATTRIBUTES = (CodeSignOnCopy, RemoveHeadersOnCopy, ); }; };
/* End PBXBuildFile section */

/* Begin PBXContainerItemProxy section */
		4B4C15132FFE8B4900B60680 /* PBXContainerItemProxy */ = {
			isa = PBXContainerItemProxy;
			containerPortal = 4B4C14FD2FFE8B4600B60680 /* Project object */;
			proxyType = 1;
			remoteGlobalIDString = 4B4C15042FFE8B4600B60680;
			remoteInfo = MrFor;
		};
		4B4C151D2FFE8B4900B60680 /* PBXContainerItemProxy */ = {
			isa = PBXContainerItemProxy;
			containerPortal = 4B4C14FD2FFE8B4600B60680 /* Project object */;
			proxyType = 1;
			remoteGlobalIDString = 4B4C15042FFE8B4600B60680;
			remoteInfo = MrFor;
		};
/* End PBXContainerItemProxy section */

/* Begin PBXCopyFilesBuildPhase section */
		FA00000000000000000000C1 /* Embed Frameworks */ = {
			isa = PBXCopyFilesBuildPhase;
			buildActionMask = 2147483647;
			dstPath = "";
			dstSubfolderSpec = 10;
			files = (
				FA00000000000000000000B1 /* MTUSDK.xcframework in Embed Frameworks */,
				FA00000000000000000000B2 /* MTSCRA.xcframework in Embed Frameworks */,
				FA00000000000000000000B3 /* CocoaMQTT.xcframework in Embed Frameworks */,
			);
			name = "Embed Frameworks";
			runOnlyForDeploymentPostprocessing = 0;
		};
/* End PBXCopyFilesBuildPhase section */

/* Begin PBXFileReference section */
		4B4C15052FFE8B4600B60680 /* MrFor.app */ = {isa = PBXFileReference; explicitFileType = wrapper.application; includeInIndex = 0; path = MrFor.app; sourceTree = BUILT_PRODUCTS_DIR; };
		4B4C15122FFE8B4900B60680 /* MrForTests.xctest */ = {isa = PBXFileReference; explicitFileType = wrapper.cfbundle; includeInIndex = 0; path = MrForTests.xctest; sourceTree = BUILT_PRODUCTS_DIR; };
		4B4C151C2FFE8B4900B60680 /* MrForUITests.xctest */ = {isa = PBXFileReference; explicitFileType = wrapper.cfbundle; includeInIndex = 0; path = MrForUITests.xctest; sourceTree = BUILT_PRODUCTS_DIR; };
		FA00000000000000000000F1 /* MTUSDK.xcframework */ = {isa = PBXFileReference; lastKnownFileType = wrapper.xcframework; name = MTUSDK.xcframework; path = Frameworks/MTUSDK.xcframework; sourceTree = "<group>"; };
		FA00000000000000000000F2 /* MTSCRA.xcframework */ = {isa = PBXFileReference; lastKnownFileType = wrapper.xcframework; name = MTSCRA.xcframework; path = Frameworks/MTSCRA.xcframework; sourceTree = "<group>"; };
		FA00000000000000000000F3 /* CocoaMQTT.xcframework */ = {isa = PBXFileReference; lastKnownFileType = wrapper.xcframework; name = CocoaMQTT.xcframework; path = Frameworks/CocoaMQTT.xcframework; sourceTree = "<group>"; };
/* End PBXFileReference section */

/* Begin PBXFileSystemSynchronizedRootGroup section */
		4B4C15072FFE8B4600B60680 /* MrFor */ = {
			isa = PBXFileSystemSynchronizedRootGroup;
			path = MrFor;
			sourceTree = "<group>";
		};
		4B4C15152FFE8B4900B60680 /* MrForTests */ = {
			isa = PBXFileSystemSynchronizedRootGroup;
			path = MrForTests;
			sourceTree = "<group>";
		};
		4B4C151F2FFE8B4900B60680 /* MrForUITests */ = {
			isa = PBXFileSystemSynchronizedRootGroup;
			path = MrForUITests;
			sourceTree = "<group>";
		};
/* End PBXFileSystemSynchronizedRootGroup section */

/* Begin PBXFrameworksBuildPhase section */
		4B4C15022FFE8B4600B60680 /* Frameworks */ = {
			isa = PBXFrameworksBuildPhase;
			buildActionMask = 2147483647;
			files = (
				FA00000000000000000000A1 /* MTUSDK.xcframework in Frameworks */,
				FA00000000000000000000A2 /* MTSCRA.xcframework in Frameworks */,
				FA00000000000000000000A3 /* CocoaMQTT.xcframework in Frameworks */,
			);
			runOnlyForDeploymentPostprocessing = 0;
		};
		4B4C150F2FFE8B4900B60680 /* Frameworks */ = {
			isa = PBXFrameworksBuildPhase;
			buildActionMask = 2147483647;
			files = (
			);
			runOnlyForDeploymentPostprocessing = 0;
		};
		4B4C15192FFE8B4900B60680 /* Frameworks */ = {
			isa = PBXFrameworksBuildPhase;
			buildActionMask = 2147483647;
			files = (
			);
			runOnlyForDeploymentPostprocessing = 0;
		};
/* End PBXFrameworksBuildPhase section */

/* Begin PBXGroup section */
		4B4C14FC2FFE8B4600B60680 = {
			isa = PBXGroup;
			children = (
				4B4C15072FFE8B4600B60680 /* MrFor */,
				4B4C15152FFE8B4900B60680 /* MrForTests */,
				4B4C151F2FFE8B4900B60680 /* MrForUITests */,
				FA00000000000000000000D1 /* Frameworks */,
				4B4C15062FFE8B4600B60680 /* Products */,
			);
			sourceTree = "<group>";
		};
		4B4C15062FFE8B4600B60680 /* Products */ = {
			isa = PBXGroup;
			children = (
				4B4C15052FFE8B4600B60680 /* MrFor.app */,
				4B4C15122FFE8B4900B60680 /* MrForTests.xctest */,
				4B4C151C2FFE8B4900B60680 /* MrForUITests.xctest */,
			);
			name = Products;
			sourceTree = "<group>";
		};
		FA00000000000000000000D1 /* Frameworks */ = {
			isa = PBXGroup;
			children = (
				FA00000000000000000000F1 /* MTUSDK.xcframework */,
				FA00000000000000000000F2 /* MTSCRA.xcframework */,
				FA00000000000000000000F3 /* CocoaMQTT.xcframework */,
			);
			name = Frameworks;
			sourceTree = "<group>";
		};
/* End PBXGroup section */

/* Begin PBXNativeTarget section */
		4B4C15042FFE8B4600B60680 /* MrFor */ = {
			isa = PBXNativeTarget;
			buildConfigurationList = 4B4C15262FFE8B4900B60680 /* Build configuration list for PBXNativeTarget "MrFor" */;
			buildPhases = (
				4B4C15012FFE8B4600B60680 /* Sources */,
				4B4C15022FFE8B4600B60680 /* Frameworks */,
				4B4C15032FFE8B4600B60680 /* Resources */,
				FA00000000000000000000C1 /* Embed Frameworks */,
			);
			buildRules = (
			);
			dependencies = (
			);
			fileSystemSynchronizedGroups = (
				4B4C15072FFE8B4600B60680 /* MrFor */,
			);
			name = MrFor;
			packageProductDependencies = (
			);
			productName = MrFor;
			productReference = 4B4C15052FFE8B4600B60680 /* MrFor.app */;
			productType = "com.apple.product-type.application";
		};
		4B4C15112FFE8B4900B60680 /* MrForTests */ = {
			isa = PBXNativeTarget;
			buildConfigurationList = 4B4C15292FFE8B4900B60680 /* Build configuration list for PBXNativeTarget "MrForTests" */;
			buildPhases = (
				4B4C150E2FFE8B4900B60680 /* Sources */,
				4B4C150F2FFE8B4900B60680 /* Frameworks */,
				4B4C15102FFE8B4900B60680 /* Resources */,
			);
			buildRules = (
			);
			dependencies = (
				4B4C15142FFE8B4900B60680 /* PBXTargetDependency */,
			);
			fileSystemSynchronizedGroups = (
				4B4C15152FFE8B4900B60680 /* MrForTests */,
			);
			name = MrForTests;
			packageProductDependencies = (
			);
			productName = MrForTests;
			productReference = 4B4C15122FFE8B4900B60680 /* MrForTests.xctest */;
			productType = "com.apple.product-type.bundle.unit-test";
		};
		4B4C151B2FFE8B4900B60680 /* MrForUITests */ = {
			isa = PBXNativeTarget;
			buildConfigurationList = 4B4C152C2FFE8B4900B60680 /* Build configuration list for PBXNativeTarget "MrForUITests" */;
			buildPhases = (
				4B4C15182FFE8B4900B60680 /* Sources */,
				4B4C15192FFE8B4900B60680 /* Frameworks */,
				4B4C151A2FFE8B4900B60680 /* Resources */,
			);
			buildRules = (
			);
			dependencies = (
				4B4C151E2FFE8B4900B60680 /* PBXTargetDependency */,
			);
			fileSystemSynchronizedGroups = (
				4B4C151F2FFE8B4900B60680 /* MrForUITests */,
			);
			name = MrForUITests;
			packageProductDependencies = (
			);
			productName = MrForUITests;
			productReference = 4B4C151C2FFE8B4900B60680 /* MrForUITests.xctest */;
			productType = "com.apple.product-type.bundle.ui-testing";
		};
/* End PBXNativeTarget section */

/* Begin PBXProject section */
		4B4C14FD2FFE8B4600B60680 /* Project object */ = {
			isa = PBXProject;
			attributes = {
				BuildIndependentTargetsInParallel = 1;
				LastSwiftUpdateCheck = 2650;
				LastUpgradeCheck = 2650;
				TargetAttributes = {
					4B4C15042FFE8B4600B60680 = {
						CreatedOnToolsVersion = 26.5;
					};
					4B4C15112FFE8B4900B60680 = {
						CreatedOnToolsVersion = 26.5;
						TestTargetID = 4B4C15042FFE8B4600B60680;
					};
					4B4C151B2FFE8B4900B60680 = {
						CreatedOnToolsVersion = 26.5;
						TestTargetID = 4B4C15042FFE8B4600B60680;
					};
				};
			};
			buildConfigurationList = 4B4C15002FFE8B4600B60680 /* Build configuration list for PBXProject "MrFor" */;
			developmentRegion = en;
			hasScannedForEncodings = 0;
			knownRegions = (
				en,
				Base,
			);
			mainGroup = 4B4C14FC2FFE8B4600B60680;
			minimizedProjectReferenceProxies = 1;
			preferredProjectObjectVersion = 77;
			productRefGroup = 4B4C15062FFE8B4600B60680 /* Products */;
			projectDirPath = "";
			projectRoot = "";
			targets = (
				4B4C15042FFE8B4600B60680 /* MrFor */,
				4B4C15112FFE8B4900B60680 /* MrForTests */,
				4B4C151B2FFE8B4900B60680 /* MrForUITests */,
			);
		};
/* End PBXProject section */

/* Begin PBXResourcesBuildPhase section */
		4B4C15032FFE8B4600B60680 /* Resources */ = {
			isa = PBXResourcesBuildPhase;
			buildActionMask = 2147483647;
			files = (
			);
			runOnlyForDeploymentPostprocessing = 0;
		};
		4B4C15102FFE8B4900B60680 /* Resources */ = {
			isa = PBXResourcesBuildPhase;
			buildActionMask = 2147483647;
			files = (
			);
			runOnlyForDeploymentPostprocessing = 0;
		};
		4B4C151A2FFE8B4900B60680 /* Resources */ = {
			isa = PBXResourcesBuildPhase;
			buildActionMask = 2147483647;
			files = (
			);
			runOnlyForDeploymentPostprocessing = 0;
		};
/* End PBXResourcesBuildPhase section */

/* Begin PBXSourcesBuildPhase section */
		4B4C15012FFE8B4600B60680 /* Sources */ = {
			isa = PBXSourcesBuildPhase;
			buildActionMask = 2147483647;
			files = (
			);
			runOnlyForDeploymentPostprocessing = 0;
		};
		4B4C150E2FFE8B4900B60680 /* Sources */ = {
			isa = PBXSourcesBuildPhase;
			buildActionMask = 2147483647;
			files = (
			);
			runOnlyForDeploymentPostprocessing = 0;
		};
		4B4C15182FFE8B4900B60680 /* Sources */ = {
			isa = PBXSourcesBuildPhase;
			buildActionMask = 2147483647;
			files = (
			);
			runOnlyForDeploymentPostprocessing = 0;
		};
/* End PBXSourcesBuildPhase section */

/* Begin PBXTargetDependency section */
		4B4C15142FFE8B4900B60680 /* PBXTargetDependency */ = {
			isa = PBXTargetDependency;
			target = 4B4C15042FFE8B4600B60680 /* MrFor */;
			targetProxy = 4B4C15132FFE8B4900B60680 /* PBXContainerItemProxy */;
		};
		4B4C151E2FFE8B4900B60680 /* PBXTargetDependency */ = {
			isa = PBXTargetDependency;
			target = 4B4C15042FFE8B4600B60680 /* MrFor */;
			targetProxy = 4B4C151D2FFE8B4900B60680 /* PBXContainerItemProxy */;
		};
/* End PBXTargetDependency section */

/* Begin XCBuildConfiguration section */
		4B4C15242FFE8B4900B60680 /* Debug */ = {
			isa = XCBuildConfiguration;
			buildSettings = {
				ALWAYS_SEARCH_USER_PATHS = NO;
				ASSETCATALOG_COMPILER_GENERATE_SWIFT_ASSET_SYMBOL_EXTENSIONS = YES;
				CLANG_ANALYZER_NONNULL = YES;
				CLANG_ANALYZER_NUMBER_OBJECT_CONVERSION = YES_AGGRESSIVE;
				CLANG_CXX_LANGUAGE_STANDARD = "gnu++20";
				CLANG_ENABLE_MODULES = YES;
				CLANG_ENABLE_OBJC_ARC = YES;
				CLANG_ENABLE_OBJC_WEAK = YES;
				CLANG_WARN_BLOCK_CAPTURE_AUTORELEASING = YES;
				CLANG_WARN_BOOL_CONVERSION = YES;
				CLANG_WARN_COMMA = YES;
				CLANG_WARN_CONSTANT_CONVERSION = YES;
				CLANG_WARN_DEPRECATED_OBJC_IMPLEMENTATIONS = YES;
				CLANG_WARN_DIRECT_OBJC_ISA_USAGE = YES_ERROR;
				CLANG_WARN_DOCUMENTATION_COMMENTS = YES;
				CLANG_WARN_EMPTY_BODY = YES;
				CLANG_WARN_ENUM_CONVERSION = YES;
				CLANG_WARN_INFINITE_RECURSION = YES;
				CLANG_WARN_INT_CONVERSION = YES;
				CLANG_WARN_NON_LITERAL_NULL_CONVERSION = YES;
				CLANG_WARN_OBJC_IMPLICIT_RETAIN_SELF = YES;
				CLANG_WARN_OBJC_LITERAL_CONVERSION = YES;
				CLANG_WARN_OBJC_ROOT_CLASS = YES_ERROR;
				CLANG_WARN_QUOTED_INCLUDE_IN_FRAMEWORK_HEADER = YES;
				CLANG_WARN_RANGE_LOOP_ANALYSIS = YES;
				CLANG_WARN_STRICT_PROTOTYPES = YES;
				CLANG_WARN_SUSPICIOUS_MOVE = YES;
				CLANG_WARN_UNGUARDED_AVAILABILITY = YES_AGGRESSIVE;
				CLANG_WARN_UNREACHABLE_CODE = YES;
				CLANG_WARN__DUPLICATE_METHOD_MATCH = YES;
				COPY_PHASE_STRIP = NO;
				DEBUG_INFORMATION_FORMAT = dwarf;
				DEVELOPMENT_TEAM = JHH96A9NRM;
				ENABLE_STRICT_OBJC_MSGSEND = YES;
				ENABLE_TESTABILITY = YES;
				ENABLE_USER_SCRIPT_SANDBOXING = YES;
				GCC_C_LANGUAGE_STANDARD = gnu17;
				GCC_DYNAMIC_NO_PIC = NO;
				GCC_NO_COMMON_BLOCKS = YES;
				GCC_OPTIMIZATION_LEVEL = 0;
				GCC_PREPROCESSOR_DEFINITIONS = (
					"DEBUG=1",
					"$(inherited)",
				);
				GCC_WARN_64_TO_32_BIT_CONVERSION = YES;
				GCC_WARN_ABOUT_RETURN_TYPE = YES_ERROR;
				GCC_WARN_UNDECLARED_SELECTOR = YES;
				GCC_WARN_UNINITIALIZED_AUTOS = YES_AGGRESSIVE;
				GCC_WARN_UNUSED_FUNCTION = YES;
				GCC_WARN_UNUSED_VARIABLE = YES;
				IPHONEOS_DEPLOYMENT_TARGET = 26.5;
				LOCALIZATION_PREFERS_STRING_CATALOGS = YES;
				MTL_ENABLE_DEBUG_INFO = INCLUDE_SOURCE;
				MTL_FAST_MATH = YES;
				ONLY_ACTIVE_ARCH = YES;
				SDKROOT = iphoneos;
				SWIFT_ACTIVE_COMPILATION_CONDITIONS = "DEBUG $(inherited)";
				SWIFT_OPTIMIZATION_LEVEL = "-Onone";
			};
			name = Debug;
		};
		4B4C15252FFE8B4900B60680 /* Release */ = {
			isa = XCBuildConfiguration;
			buildSettings = {
				ALWAYS_SEARCH_USER_PATHS = NO;
				ASSETCATALOG_COMPILER_GENERATE_SWIFT_ASSET_SYMBOL_EXTENSIONS = YES;
				CLANG_ANALYZER_NONNULL = YES;
				CLANG_ANALYZER_NUMBER_OBJECT_CONVERSION = YES_AGGRESSIVE;
				CLANG_CXX_LANGUAGE_STANDARD = "gnu++20";
				CLANG_ENABLE_MODULES = YES;
				CLANG_ENABLE_OBJC_ARC = YES;
				CLANG_ENABLE_OBJC_WEAK = YES;
				CLANG_WARN_BLOCK_CAPTURE_AUTORELEASING = YES;
				CLANG_WARN_BOOL_CONVERSION = YES;
				CLANG_WARN_COMMA = YES;
				CLANG_WARN_CONSTANT_CONVERSION = YES;
				CLANG_WARN_DEPRECATED_OBJC_IMPLEMENTATIONS = YES;
				CLANG_WARN_DIRECT_OBJC_ISA_USAGE = YES_ERROR;
				CLANG_WARN_DOCUMENTATION_COMMENTS = YES;
				CLANG_WARN_EMPTY_BODY = YES;
				CLANG_WARN_ENUM_CONVERSION = YES;
				CLANG_WARN_INFINITE_RECURSION = YES;
				CLANG_WARN_INT_CONVERSION = YES;
				CLANG_WARN_NON_LITERAL_NULL_CONVERSION = YES;
				CLANG_WARN_OBJC_IMPLICIT_RETAIN_SELF = YES;
				CLANG_WARN_OBJC_LITERAL_CONVERSION = YES;
				CLANG_WARN_OBJC_ROOT_CLASS = YES_ERROR;
				CLANG_WARN_QUOTED_INCLUDE_IN_FRAMEWORK_HEADER = YES;
				CLANG_WARN_RANGE_LOOP_ANALYSIS = YES;
				CLANG_WARN_STRICT_PROTOTYPES = YES;
				CLANG_WARN_SUSPICIOUS_MOVE = YES;
				CLANG_WARN_UNGUARDED_AVAILABILITY = YES_AGGRESSIVE;
				CLANG_WARN_UNREACHABLE_CODE = YES;
				CLANG_WARN__DUPLICATE_METHOD_MATCH = YES;
				COPY_PHASE_STRIP = NO;
				DEBUG_INFORMATION_FORMAT = "dwarf-with-dsym";
				DEVELOPMENT_TEAM = JHH96A9NRM;
				ENABLE_NS_ASSERTIONS = NO;
				ENABLE_STRICT_OBJC_MSGSEND = YES;
				ENABLE_USER_SCRIPT_SANDBOXING = YES;
				GCC_C_LANGUAGE_STANDARD = gnu17;
				GCC_NO_COMMON_BLOCKS = YES;
				GCC_WARN_64_TO_32_BIT_CONVERSION = YES;
				GCC_WARN_ABOUT_RETURN_TYPE = YES_ERROR;
				GCC_WARN_UNDECLARED_SELECTOR = YES;
				GCC_WARN_UNINITIALIZED_AUTOS = YES_AGGRESSIVE;
				GCC_WARN_UNUSED_FUNCTION = YES;
				GCC_WARN_UNUSED_VARIABLE = YES;
				IPHONEOS_DEPLOYMENT_TARGET = 26.5;
				LOCALIZATION_PREFERS_STRING_CATALOGS = YES;
				MTL_ENABLE_DEBUG_INFO = NO;
				MTL_FAST_MATH = YES;
				SDKROOT = iphoneos;
				SWIFT_COMPILATION_MODE = wholemodule;
				VALIDATE_PRODUCT = YES;
			};
			name = Release;
		};
		4B4C15272FFE8B4900B60680 /* Debug */ = {
			isa = XCBuildConfiguration;
			buildSettings = {
				ASSETCATALOG_COMPILER_APPICON_NAME = AppIcon;
				ASSETCATALOG_COMPILER_GLOBAL_ACCENT_COLOR_NAME = AccentColor;
				CODE_SIGN_STYLE = Automatic;
				CURRENT_PROJECT_VERSION = 1;
				DEVELOPMENT_TEAM = JHH96A9NRM;
				ENABLE_PREVIEWS = YES;
				FRAMEWORK_SEARCH_PATHS = (
					"$(inherited)",
					"$(PROJECT_DIR)/Frameworks",
				);
				GENERATE_INFOPLIST_FILE = YES;
				INFOPLIST_KEY_NSBluetoothAlwaysUsageDescription = "MrFor uses Bluetooth to connect to the DynaFlex II Go card reader for in-person card payments.";
				INFOPLIST_KEY_UIApplicationSceneManifest_Generation = YES;
				INFOPLIST_KEY_UIApplicationSupportsIndirectInputEvents = YES;
				INFOPLIST_KEY_UILaunchScreen_Generation = YES;
				INFOPLIST_KEY_UISupportedInterfaceOrientations_iPad = "UIInterfaceOrientationPortrait UIInterfaceOrientationPortraitUpsideDown UIInterfaceOrientationLandscapeLeft UIInterfaceOrientationLandscapeRight";
				INFOPLIST_KEY_UISupportedInterfaceOrientations_iPhone = "UIInterfaceOrientationPortrait UIInterfaceOrientationLandscapeLeft UIInterfaceOrientationLandscapeRight";
				LD_RUNPATH_SEARCH_PATHS = (
					"$(inherited)",
					"@executable_path/Frameworks",
				);
				MARKETING_VERSION = 1.0;
				PRODUCT_BUNDLE_IDENTIFIER = com.cl.mrfor.MrFor;
				PRODUCT_NAME = "$(TARGET_NAME)";
				STRING_CATALOG_GENERATE_SYMBOLS = YES;
				SWIFT_APPROACHABLE_CONCURRENCY = YES;
				SWIFT_DEFAULT_ACTOR_ISOLATION = MainActor;
				SWIFT_EMIT_LOC_STRINGS = YES;
				SWIFT_UPCOMING_FEATURE_MEMBER_IMPORT_VISIBILITY = YES;
				SWIFT_VERSION = 5.0;
				TARGETED_DEVICE_FAMILY = "1,2";
			};
			name = Debug;
		};
		4B4C15282FFE8B4900B60680 /* Release */ = {
			isa = XCBuildConfiguration;
			buildSettings = {
				ASSETCATALOG_COMPILER_APPICON_NAME = AppIcon;
				ASSETCATALOG_COMPILER_GLOBAL_ACCENT_COLOR_NAME = AccentColor;
				CODE_SIGN_STYLE = Automatic;
				CURRENT_PROJECT_VERSION = 1;
				DEVELOPMENT_TEAM = JHH96A9NRM;
				ENABLE_PREVIEWS = YES;
				FRAMEWORK_SEARCH_PATHS = (
					"$(inherited)",
					"$(PROJECT_DIR)/Frameworks",
				);
				GENERATE_INFOPLIST_FILE = YES;
				INFOPLIST_KEY_NSBluetoothAlwaysUsageDescription = "MrFor uses Bluetooth to connect to the DynaFlex II Go card reader for in-person card payments.";
				INFOPLIST_KEY_UIApplicationSceneManifest_Generation = YES;
				INFOPLIST_KEY_UIApplicationSupportsIndirectInputEvents = YES;
				INFOPLIST_KEY_UILaunchScreen_Generation = YES;
				INFOPLIST_KEY_UISupportedInterfaceOrientations_iPad = "UIInterfaceOrientationPortrait UIInterfaceOrientationPortraitUpsideDown UIInterfaceOrientationLandscapeLeft UIInterfaceOrientationLandscapeRight";
				INFOPLIST_KEY_UISupportedInterfaceOrientations_iPhone = "UIInterfaceOrientationPortrait UIInterfaceOrientationLandscapeLeft UIInterfaceOrientationLandscapeRight";
				LD_RUNPATH_SEARCH_PATHS = (
					"$(inherited)",
					"@executable_path/Frameworks",
				);
				MARKETING_VERSION = 1.0;
				PRODUCT_BUNDLE_IDENTIFIER = com.cl.mrfor.MrFor;
				PRODUCT_NAME = "$(TARGET_NAME)";
				STRING_CATALOG_GENERATE_SYMBOLS = YES;
				SWIFT_APPROACHABLE_CONCURRENCY = YES;
				SWIFT_DEFAULT_ACTOR_ISOLATION = MainActor;
				SWIFT_EMIT_LOC_STRINGS = YES;
				SWIFT_UPCOMING_FEATURE_MEMBER_IMPORT_VISIBILITY = YES;
				SWIFT_VERSION = 5.0;
				TARGETED_DEVICE_FAMILY = "1,2";
			};
			name = Release;
		};
		4B4C152A2FFE8B4900B60680 /* Debug */ = {
			isa = XCBuildConfiguration;
			buildSettings = {
				BUNDLE_LOADER = "$(TEST_HOST)";
				CODE_SIGN_STYLE = Automatic;
				CURRENT_PROJECT_VERSION = 1;
				DEVELOPMENT_TEAM = JHH96A9NRM;
				GENERATE_INFOPLIST_FILE = YES;
				IPHONEOS_DEPLOYMENT_TARGET = 26.5;
				MARKETING_VERSION = 1.0;
				PRODUCT_BUNDLE_IDENTIFIER = com.cl.mrfor.MrForTests;
				PRODUCT_NAME = "$(TARGET_NAME)";
				STRING_CATALOG_GENERATE_SYMBOLS = NO;
				SWIFT_APPROACHABLE_CONCURRENCY = YES;
				SWIFT_EMIT_LOC_STRINGS = NO;
				SWIFT_UPCOMING_FEATURE_MEMBER_IMPORT_VISIBILITY = YES;
				SWIFT_VERSION = 5.0;
				TARGETED_DEVICE_FAMILY = "1,2";
				TEST_HOST = "$(BUILT_PRODUCTS_DIR)/MrFor.app/$(BUNDLE_EXECUTABLE_FOLDER_PATH)/MrFor";
			};
			name = Debug;
		};
		4B4C152B2FFE8B4900B60680 /* Release */ = {
			isa = XCBuildConfiguration;
			buildSettings = {
				BUNDLE_LOADER = "$(TEST_HOST)";
				CODE_SIGN_STYLE = Automatic;
				CURRENT_PROJECT_VERSION = 1;
				DEVELOPMENT_TEAM = JHH96A9NRM;
				GENERATE_INFOPLIST_FILE = YES;
				IPHONEOS_DEPLOYMENT_TARGET = 26.5;
				MARKETING_VERSION = 1.0;
				PRODUCT_BUNDLE_IDENTIFIER = com.cl.mrfor.MrForTests;
				PRODUCT_NAME = "$(TARGET_NAME)";
				STRING_CATALOG_GENERATE_SYMBOLS = NO;
				SWIFT_APPROACHABLE_CONCURRENCY = YES;
				SWIFT_EMIT_LOC_STRINGS = NO;
				SWIFT_UPCOMING_FEATURE_MEMBER_IMPORT_VISIBILITY = YES;
				SWIFT_VERSION = 5.0;
				TARGETED_DEVICE_FAMILY = "1,2";
				TEST_HOST = "$(BUILT_PRODUCTS_DIR)/MrFor.app/$(BUNDLE_EXECUTABLE_FOLDER_PATH)/MrFor";
			};
			name = Release;
		};
		4B4C152D2FFE8B4900B60680 /* Debug */ = {
			isa = XCBuildConfiguration;
			buildSettings = {
				CODE_SIGN_STYLE = Automatic;
				CURRENT_PROJECT_VERSION = 1;
				DEVELOPMENT_TEAM = JHH96A9NRM;
				GENERATE_INFOPLIST_FILE = YES;
				MARKETING_VERSION = 1.0;
				PRODUCT_BUNDLE_IDENTIFIER = com.cl.mrfor.MrForUITests;
				PRODUCT_NAME = "$(TARGET_NAME)";
				STRING_CATALOG_GENERATE_SYMBOLS = NO;
				SWIFT_APPROACHABLE_CONCURRENCY = YES;
				SWIFT_EMIT_LOC_STRINGS = NO;
				SWIFT_UPCOMING_FEATURE_MEMBER_IMPORT_VISIBILITY = YES;
				SWIFT_VERSION = 5.0;
				TARGETED_DEVICE_FAMILY = "1,2";
				TEST_TARGET_NAME = MrFor;
			};
			name = Debug;
		};
		4B4C152E2FFE8B4900B60680 /* Release */ = {
			isa = XCBuildConfiguration;
			buildSettings = {
				CODE_SIGN_STYLE = Automatic;
				CURRENT_PROJECT_VERSION = 1;
				DEVELOPMENT_TEAM = JHH96A9NRM;
				GENERATE_INFOPLIST_FILE = YES;
				MARKETING_VERSION = 1.0;
				PRODUCT_BUNDLE_IDENTIFIER = com.cl.mrfor.MrForUITests;
				PRODUCT_NAME = "$(TARGET_NAME)";
				STRING_CATALOG_GENERATE_SYMBOLS = NO;
				SWIFT_APPROACHABLE_CONCURRENCY = YES;
				SWIFT_EMIT_LOC_STRINGS = NO;
				SWIFT_UPCOMING_FEATURE_MEMBER_IMPORT_VISIBILITY = YES;
				SWIFT_VERSION = 5.0;
				TARGETED_DEVICE_FAMILY = "1,2";
				TEST_TARGET_NAME = MrFor;
			};
			name = Release;
		};
/* End XCBuildConfiguration section */

/* Begin XCConfigurationList section */
		4B4C15002FFE8B4600B60680 /* Build configuration list for PBXProject "MrFor" */ = {
			isa = XCConfigurationList;
			buildConfigurations = (
				4B4C15242FFE8B4900B60680 /* Debug */,
				4B4C15252FFE8B4900B60680 /* Release */,
			);
			defaultConfigurationIsVisible = 0;
			defaultConfigurationName = Release;
		};
		4B4C15262FFE8B4900B60680 /* Build configuration list for PBXNativeTarget "MrFor" */ = {
			isa = XCConfigurationList;
			buildConfigurations = (
				4B4C15272FFE8B4900B60680 /* Debug */,
				4B4C15282FFE8B4900B60680 /* Release */,
			);
			defaultConfigurationIsVisible = 0;
			defaultConfigurationName = Release;
		};
		4B4C15292FFE8B4900B60680 /* Build configuration list for PBXNativeTarget "MrForTests" */ = {
			isa = XCConfigurationList;
			buildConfigurations = (
				4B4C152A2FFE8B4900B60680 /* Debug */,
				4B4C152B2FFE8B4900B60680 /* Release */,
			);
			defaultConfigurationIsVisible = 0;
			defaultConfigurationName = Release;
		};
		4B4C152C2FFE8B4900B60680 /* Build configuration list for PBXNativeTarget "MrForUITests" */ = {
			isa = XCConfigurationList;
			buildConfigurations = (
				4B4C152D2FFE8B4900B60680 /* Debug */,
				4B4C152E2FFE8B4900B60680 /* Release */,
			);
			defaultConfigurationIsVisible = 0;
			defaultConfigurationName = Release;
		};
/* End XCConfigurationList section */
	};
	rootObject = 4B4C14FD2FFE8B4600B60680 /* Project object */;
}
